# This file is automatically @generated by Cargo.
# It is not intended for manual editing.
version = 4

[[package]]
name = "young-agent-cli"
version = "0.1.0"

[[package]]
name = "young-agent-runtime"
version = "0.1.0"

[[package]]
name = "young-capability-coding"
version = "0.1.0"

[[package]]
name = "young-event-store"
version = "0.1.0"

[[package]]
name = "young-model-runtime"
version = "0.1.0"

[[package]]
name = "young-tool-runtime"
version = "0.1.0"
